// !$*UTF8*$!
{
	archiveVersion = 1;
	classes = {
	};
	objectVersion = 56;
	objects = {

/* Begin PBXBuildFile section */
		5591D3DF29FA7BAD0027003E /* watchdeux Watch App.app in Embed Watch Content */ = {isa = PBXBuildFile; fileRef = 5591D3DE29FA7BAD0027003E /* watchdeux Watch App.app */; settings = {ATTRIBUTES = (RemoveHeadersOnCopy, ); }; };
		5591D3E429FA7BAD0027003E /* watchdeuxApp.swift in Sources */ = {isa = PBXBuildFile; fileRef = 5591D3E329FA7BAD0027003E /* watchdeuxApp.swift */; };
		5591D3E629FA7BAD0027003E /* ContentView.swift in Sources */ = {isa = PBXBuildFile; fileRef = 5591D3E529FA7BAD0027003E /* ContentView.swift */; };
		5591D3E829FA7BAE0027003E /* Assets.xcassets in Resources */ = {isa = PBXBuildFile; fileRef = 5591D3E729FA7BAE0027003E /* Assets.xcassets */; };
		5591D3EB29FA7BAE0027003E /* Preview Assets.xcassets in Resources */ = {isa = PBXBuildFile; fileRef = 5591D3EA29FA7BAE0027003E /* Preview Assets.xcassets */; };
		5591D3F529FA7BAE0027003E /* watchdeux_Watch_AppTests.swift in Sources */ = {isa = PBXBuildFile; fileRef = 5591D3F429FA7BAE0027003E /* watchdeux_Watch_AppTests.swift */; };
		5591D3FF29FA7BAE0027003E /* watchdeux_Watch_AppUITests.swift in Sources */ = {isa = PBXBuildFile; fileRef = 5591D3FE29FA7BAE0027003E /* watchdeux_Watch_AppUITests.swift */; };
		5591D40129FA7BAE0027003E /* watchdeux_Watch_AppUITestsLaunchTests.swift in Sources */ = {isa = PBXBuildFile; fileRef = 5591D40029FA7BAE0027003E /* watchdeux_Watch_AppUITestsLaunchTests.swift */; };
/* End PBXBuildFile section */

/* Begin PBXContainerItemProxy section */
		5591D3E029FA7BAD0027003E /* PBXContainerItemProxy */ = {
			isa = PBXContainerItemProxy;
			containerPortal = 5591D3D229FA7BAD0027003E /* Project object */;
			proxyType = 1;
			remoteGlobalIDString = 5591D3DD29FA7BAD0027003E;
			remoteInfo = "watchdeux Watch App";
		};
		5591D3F129FA7BAE0027003E /* PBXContainerItemProxy */ = {
			isa = PBXContainerItemProxy;
			containerPortal = 5591D3D229FA7BAD0027003E /* Project object */;
			proxyType = 1;
			remoteGlobalIDString = 5591D3DD29FA7BAD0027003E;
			remoteInfo = "watchdeux Watch App";
		};
		5591D3FB29FA7BAE0027003E /* PBXContainerItemProxy */ = {
			isa = PBXContainerItemProxy;
			containerPortal = 5591D3D229FA7BAD0027003E /* Project object */;
			proxyType = 1;
			remoteGlobalIDString = 5591D3DD29FA7BAD0027003E;
			remoteInfo = "watchdeux Watch App";
		};
/* End PBXContainerItemProxy section */

/* Begin PBXCopyFilesBuildPhase section */
		5591D40729FA7BAE0027003E /* Embed Watch Content */ = {
			isa = PBXCopyFilesBuildPhase;
			buildActionMask = 2147483647;
			dstPath = "$(CONTENTS_FOLDER_PATH)/Watch";
			dstSubfolderSpec = 16;
			files = (
				5591D3DF29FA7BAD0027003E /* watchdeux Watch App.app in Embed Watch Content */,
			);
			name = "Embed Watch Content";
			runOnlyForDeploymentPostprocessing = 0;
		};
/* End PBXCopyFilesBuildPhase section */

/* Begin PBXFileReference section */
		5591D3D829FA7BAD0027003E /* watchdeux.app */ = {isa = PBXFileReference; explicitFileType = wrapper.application; includeInIndex = 0; path = watchdeux.app; sourceTree = BUILT_PRODUCTS_DIR; };
		5591D3DE29FA7BAD0027003E /* watchdeux Watch App.app */ = {isa = PBXFileReference; explicitFileType = wrapper.application; includeInIndex = 0; path = "watchdeux Watch App.app"; sourceTree = BUILT_PRODUCTS_DIR; };
		5591D3E329FA7BAD0027003E /* watchdeuxApp.swift */ = {isa = PBXFileReference; lastKnownFileType = sourcecode.swift; path = watchdeuxApp.swift; sourceTree = "<group>"; };
		5591D3E529FA7BAD0027003E /* ContentView.swift */ = {isa = PBXFileReference; lastKnownFileType = sourcecode.swift; path = ContentView.swift; sourceTree = "<group>"; };
		5591D3E729FA7BAE0027003E /* Assets.xcassets */ = {isa = PBXFileReference; lastKnownFileType = folder.assetcatalog; path = Assets.xcassets; sourceTree = "<group>"; };
		5591D3EA29FA7BAE0027003E /* Preview Assets.xcassets */ = {isa = PBXFileReference; lastKnownFileType = folder.assetcatalog; path = "Preview Assets.xcassets"; sourceTree = "<group>"; };
		5591D3F029FA7BAE0027003E /* watchdeux Watch AppTests.xctest */ = {isa = PBXFileReference; explicitFileType = wrapper.cfbundle; includeInIndex = 0; path = "watchdeux Watch AppTests.xctest"; sourceTree = BUILT_PRODUCTS_DIR; };
		5591D3F429FA7BAE0027003E /* watchdeux_Watch_AppTests.swift */ = {isa = PBXFileReference; lastKnownFileType = sourcecode.swift; path = watchdeux_Watch_AppTests.swift; sourceTree = "<group>"; };
		5591D3FA29FA7BAE0027003E /* watchdeux Watch AppUITests.xctest */ = {isa = PBXFileReference; explicitFileType = wrapper.cfbundle; includeInIndex = 0; path = "watchdeux Watch AppUITests.xctest"; sourceTree = BUILT_PRODUCTS_DIR; };
		5591D3FE29FA7BAE0027003E /* watchdeux_Watch_AppUITests.swift */ = {isa = PBXFileReference; lastKnownFileType = sourcecode.swift; path = watchdeux_Watch_AppUITests.swift; sourceTree = "<group>"; };
		5591D40029FA7BAE0027003E /* watchdeux_Watch_AppUITestsLaunchTests.swift */ = {isa = PBXFileReference; lastKnownFileType = sourcecode.swift; path = watchdeux_Watch_AppUITestsLaunchTests.swift; sourceTree = "<group>"; };
/* End PBXFileReference section */

/* Begin PBXFrameworksBuildPhase section */
		5591D3DB29FA7BAD0027003E /* Frameworks */ = {
			isa = PBXFrameworksBuildPhase;
			buildActionMask = 2147483647;
			files = (
			);
			runOnlyForDeploymentPostprocessing = 0;
		};
		5591D3ED29FA7BAE0027003E /* Frameworks */ = {
			isa = PBXFrameworksBuildPhase;
			buildActionMask = 2147483647;
			files = (
			);
			runOnlyForDeploymentPostprocessing = 0;
		};
		5591D3F729FA7BAE0027003E /* Frameworks */ = {
			isa = PBXFrameworksBuildPhase;
			buildActionMask = 2147483647;
			files = (
			);
			runOnlyForDeploymentPostprocessing = 0;
		};
/* End PBXFrameworksBuildPhase section */

/* Begin PBXGroup section */
		5591D3D129FA7BAD0027003E = {
			isa = PBXGroup;
			children = (
				5591D3E229FA7BAD0027003E /* watchdeux Watch App */,
				5591D3F329FA7BAE0027003E /* watchdeux Watch AppTests */,
				5591D3FD29FA7BAE0027003E /* watchdeux Watch AppUITests */,
				5591D3D929FA7BAD0027003E /* Products */,
			);
			sourceTree = "<group>";
		};
		5591D3D929FA7BAD0027003E /* Products */ = {
			isa = PBXGroup;
			children = (
				5591D3D829FA7BAD0027003E /* watchdeux.app */,
				5591D3DE29FA7BAD0027003E /* watchdeux Watch App.app */,
				5591D3F029FA7BAE0027003E /* watchdeux Watch AppTests.xctest */,
				5591D3FA29FA7BAE0027003E /* watchdeux Watch AppUITests.xctest */,
			);
			name = Products;
			sourceTree = "<group>";
		};
		5591D3E229FA7BAD0027003E /* watchdeux Watch App */ = {
			isa = PBXGroup;
			children = (
				5591D3E329FA7BAD0027003E /* watchdeuxApp.swift */,
				5591D3E529FA7BAD0027003E /* ContentView.swift */,
				5591D3E729FA7BAE0027003E /* Assets.xcassets */,
				5591D3E929FA7BAE0027003E /* Preview Content */,
			);
			path = "watchdeux Watch App";
			sourceTree = "<group>";
		};
		5591D3E929FA7BAE0027003E /* Preview Content */ = {
			isa = PBXGroup;
			children = (
				5591D3EA29FA7BAE0027003E /* Preview Assets.xcassets */,
			);
			path = "Preview Content";
			sourceTree = "<group>";
		};
		5591D3F329FA7BAE0027003E /* watchdeux Watch AppTests */ = {
			isa = PBXGroup;
			children = (
				5591D3F429FA7BAE0027003E /* watchdeux_Watch_AppTests.swift */,
			);
			path = "watchdeux Watch AppTests";
			sourceTree = "<group>";
		};
		5591D3FD29FA7BAE0027003E /* watchdeux Watch AppUITests */ = {
			isa = PBXGroup;
			children = (
				5591D3FE29FA7BAE0027003E /* watchdeux_Watch_AppUITests.swift */,
				5591D40029FA7BAE0027003E /* watchdeux_Watch_AppUITestsLaunchTests.swift */,
			);
			path = "watchdeux Watch AppUITests";
			sourceTree = "<group>";
		};
/* End PBXGroup section */

/* Begin PBXNativeTarget section */
		5591D3D729FA7BAD0027003E /* watchdeux */ = {
			isa = PBXNativeTarget;
			buildConfigurationList = 5591D40829FA7BAE0027003E /* Build configuration list for PBXNativeTarget "watchdeux" */;
			buildPhases = (
				5591D3D629FA7BAD0027003E /* Resources */,
				5591D40729FA7BAE0027003E /* Embed Watch Content */,
			);
			buildRules = (
			);
			dependencies = (
				5591D3E129FA7BAD0027003E /* PBXTargetDependency */,
			);
			name = watchdeux;
			productName = watchdeux;
			productReference = 5591D3D829FA7BAD0027003E /* watchdeux.app */;
			productType = "com.apple.product-type.application.watchapp2-container";
		};
		5591D3DD29FA7BAD0027003E /* watchdeux Watch App */ = {
			isa = PBXNativeTarget;
			buildConfigurationList = 5591D40429FA7BAE0027003E /* Build configuration list for PBXNativeTarget "watchdeux Watch App" */;
			buildPhases = (
				5591D3DA29FA7BAD0027003E /* Sources */,
				5591D3DB29FA7BAD0027003E /* Frameworks */,
				5591D3DC29FA7BAD0027003E /* Resources */,
			);
			buildRules = (
			);
			dependencies = (
			);
			name = "watchdeux Watch App";
			productName = "watchdeux Watch App";
			productReference = 5591D3DE29FA7BAD0027003E /* watchdeux Watch App.app */;
			productType = "com.apple.product-type.application";
		};
		5591D3EF29FA7BAE0027003E /* watchdeux Watch AppTests */ = {
			isa = PBXNativeTarget;
			buildConfigurationList = 5591D40B29FA7BAE0027003E /* Build configuration list for PBXNativeTarget "watchdeux Watch AppTests" */;
			buildPhases = (
				5591D3EC29FA7BAE0027003E /* Sources */,
				5591D3ED29FA7BAE0027003E /* Frameworks */,
				5591D3EE29FA7BAE0027003E /* Resources */,
			);
			buildRules = (
			);
			dependencies = (
				5591D3F229FA7BAE0027003E /* PBXTargetDependency */,
			);
			name = "watchdeux Watch AppTests";
			productName = "watchdeux Watch AppTests";
			productReference = 5591D3F029FA7BAE0027003E /* watchdeux Watch AppTests.xctest */;
			productType = "com.apple.product-type.bundle.unit-test";
		};
		5591D3F929FA7BAE0027003E /* watchdeux Watch AppUITests */ = {
			isa = PBXNativeTarget;
			buildConfigurationList = 5591D40E29FA7BAE0027003E /* Build configuration list for PBXNativeTarget "watchdeux Watch AppUITests" */;
			buildPhases = (
				5591D3F629FA7BAE0027003E /* Sources */,
				5591D3F729FA7BAE0027003E /* Frameworks */,
				5591D3F829FA7BAE0027003E /* Resources */,
			);
			buildRules = (
			);
			dependencies = (
				5591D3FC29FA7BAE0027003E /* PBXTargetDependency */,
			);
			name = "watchdeux Watch AppUITests";
			productName = "watchdeux Watch AppUITests";
			productReference = 5591D3FA29FA7BAE0027003E /* watchdeux Watch AppUITests.xctest */;
			productType = "com.apple.product-type.bundle.ui-testing";
		};
/* End PBXNativeTarget section */

/* Begin PBXProject section */
		5591D3D229FA7BAD0027003E /* Project object */ = {
			isa = PBXProject;
			attributes = {
				BuildIndependentTargetsInParallel = 1;
				LastSwiftUpdateCheck = 1430;
				LastUpgradeCheck = 1430;
				TargetAttributes = {
					5591D3D729FA7BAD0027003E = {
						CreatedOnToolsVersion = 14.3;
					};
					5591D3DD29FA7BAD0027003E = {
						CreatedOnToolsVersion = 14.3;
					};
					5591D3EF29FA7BAE0027003E = {
						CreatedOnToolsVersion = 14.3;
						TestTargetID = 5591D3DD29FA7BAD0027003E;
					};
					5591D3F929FA7BAE0027003E = {
						CreatedOnToolsVersion = 14.3;
						TestTargetID = 5591D3DD29FA7BAD0027003E;
					};
				};
			};
			buildConfigurationList = 5591D3D529FA7BAD0027003E /* Build configuration list for PBXProject "watchdeux" */;
			compatibilityVersion = "Xcode 14.0";
			developmentRegion = en;
			hasScannedForEncodings = 0;
			knownRegions = (
				en,
				Base,
			);
			mainGroup = 5591D3D129FA7BAD0027003E;
			productRefGroup = 5591D3D929FA7BAD0027003E /* Products */;
			projectDirPath = "";
			projectRoot = "";
			targets = (
				5591D3D729FA7BAD0027003E /* watchdeux */,
				5591D3DD29FA7BAD0027003E /* watchdeux Watch App */,
				5591D3EF29FA7BAE0027003E /* watchdeux Watch AppTests */,
				5591D3F929FA7BAE0027003E /* watchdeux Watch AppUITests */,
			);
		};
/* End PBXProject section */

/* Begin PBXResourcesBuildPhase section */
		5591D3D629FA7BAD0027003E /* Resources */ = {
			isa = PBXResourcesBuildPhase;
			buildActionMask = 2147483647;
			files = (
			);
			runOnlyForDeploymentPostprocessing = 0;
		};
		5591D3DC29FA7BAD0027003E /* Resources */ = {
			isa = PBXResourcesBuildPhase;
			buildActionMask = 2147483647;
			files = (
				5591D3EB29FA7BAE0027003E /* Preview Assets.xcassets in Resources */,
				5591D3E829FA7BAE0027003E /* Assets.xcassets in Resources */,
			);
			runOnlyForDeploymentPostprocessing = 0;
		};
		5591D3EE29FA7BAE0027003E /* Resources */ = {
			isa = PBXResourcesBuildPhase;
			buildActionMask = 2147483647;
			files = (
			);
			runOnlyForDeploymentPostprocessing = 0;
		};
		5591D3F829FA7BAE0027003E /* Resources */ = {
			isa = PBXResourcesBuildPhase;
			buildActionMask = 2147483647;
			files = (
			);
			runOnlyForDeploymentPostprocessing = 0;
		};
/* End PBXResourcesBuildPhase section */

/* Begin PBXSourcesBuildPhase section */
		5591D3DA29FA7BAD0027003E /* Sources */ = {
			isa = PBXSourcesBuildPhase;
			buildActionMask = 2147483647;
			files = (
				5591D3E629FA7BAD0027003E /* ContentView.swift in Sources */,
				5591D3E429FA7BAD0027003E /* watchdeuxApp.swift in Sources */,
			);
			runOnlyForDeploymentPostprocessing = 0;
		};
		5591D3EC29FA7BAE0027003E /* Sources */ = {
			isa = PBXSourcesBuildPhase;
			buildActionMask = 2147483647;
			files = (
				5591D3F529FA7BAE0027003E /* watchdeux_Watch_AppTests.swift in Sources */,
			);
			runOnlyForDeploymentPostprocessing = 0;
		};
		5591D3F629FA7BAE0027003E /* Sources */ = {
			isa = PBXSourcesBuildPhase;
			buildActionMask = 2147483647;
			files = (
				5591D40129FA7BAE0027003E /* watchdeux_Watch_AppUITestsLaunchTests.swift in Sources */,
				5591D3FF29FA7BAE0027003E /* watchdeux_Watch_AppUITests.swift in Sources */,
			);
			runOnlyForDeploymentPostprocessing = 0;
		};
/* End PBXSourcesBuildPhase section */

/* Begin PBXTargetDependency section */
		5591D3E129FA7BAD0027003E /* PBXTargetDependency */ = {
			isa = PBXTargetDependency;
			target = 5591D3DD29FA7BAD0027003E /* watchdeux Watch App */;
			targetProxy = 5591D3E029FA7BAD0027003E /* PBXContainerItemProxy */;
		};
		5591D3F229FA7BAE0027003E /* PBXTargetDependency */ = {
			isa = PBXTargetDependency;
			target = 5591D3DD29FA7BAD0027003E /* watchdeux Watch App */;
			targetProxy = 5591D3F129FA7BAE0027003E /* PBXContainerItemProxy */;
		};
		5591D3FC29FA7BAE0027003E /* PBXTargetDependency */ = {
			isa = PBXTargetDependency;
			target = 5591D3DD29FA7BAD0027003E /* watchdeux Watch App */;
			targetProxy = 5591D3FB29FA7BAE0027003E /* PBXContainerItemProxy */;
		};
/* End PBXTargetDependency section */

/* Begin XCBuildConfiguration section */
		5591D40229FA7BAE0027003E /* Debug */ = {
			isa = XCBuildConfiguration;
			buildSettings = {
				ALWAYS_SEARCH_USER_PATHS = NO;
				CLANG_ANALYZER_NONNULL = YES;
				CLANG_ANALYZER_NUMBER_OBJECT_CONVERSION = YES_AGGRESSIVE;
				CLANG_CXX_LANGUAGE_STANDARD = "gnu++20";
				CLANG_ENABLE_MODULES = YES;
				CLANG_ENABLE_OBJC_ARC = YES;
				CLANG_ENABLE_OBJC_WEAK = YES;
				CLANG_WARN_BLOCK_CAPTURE_AUTORELEASING = YES;
				CLANG_WARN_BOOL_CONVERSION = YES;
				CLANG_WARN_COMMA = YES;
				CLANG_WARN_CONSTANT_CONVERSION = YES;
				CLANG_WARN_DEPRECATED_OBJC_IMPLEMENTATIONS = YES;
				CLANG_WARN_DIRECT_OBJC_ISA_USAGE = YES_ERROR;
				CLANG_WARN_DOCUMENTATION_COMMENTS = YES;
				CLANG_WARN_EMPTY_BODY = YES;
				CLANG_WARN_ENUM_CONVERSION = YES;
				CLANG_WARN_INFINITE_RECURSION = YES;
				CLANG_WARN_INT_CONVERSION = YES;
				CLANG_WARN_NON_LITERAL_NULL_CONVERSION = YES;
				CLANG_WARN_OBJC_IMPLICIT_RETAIN_SELF = YES;
				CLANG_WARN_OBJC_LITERAL_CONVERSION = YES;
				CLANG_WARN_OBJC_ROOT_CLASS = YES_ERROR;
				CLANG_WARN_QUOTED_INCLUDE_IN_FRAMEWORK_HEADER = YES;
				CLANG_WARN_RANGE_LOOP_ANALYSIS = YES;
				CLANG_WARN_STRICT_PROTOTYPES = YES;
				CLANG_WARN_SUSPICIOUS_MOVE = YES;
				CLANG_WARN_UNGUARDED_AVAILABILITY = YES_AGGRESSIVE;
				CLANG_WARN_UNREACHABLE_CODE = YES;
				CLANG_WARN__DUPLICATE_METHOD_MATCH = YES;
				COPY_PHASE_STRIP = NO;
				DEBUG_INFORMATION_FORMAT = dwarf;
				ENABLE_STRICT_OBJC_MSGSEND = YES;
				ENABLE_TESTABILITY = YES;
				GCC_C_LANGUAGE_STANDARD = gnu11;
				GCC_DYNAMIC_NO_PIC = NO;
				GCC_NO_COMMON_BLOCKS = YES;
				GCC_OPTIMIZATION_LEVEL = 0;
				GCC_PREPROCESSOR_DEFINITIONS = (
					"DEBUG=1",
					"$(inherited)",
				);
				GCC_WARN_64_TO_32_BIT_CONVERSION = YES;
				GCC_WARN_ABOUT_RETURN_TYPE = YES_ERROR;
				GCC_WARN_UNDECLARED_SELECTOR = YES;
				GCC_WARN_UNINITIALIZED_AUTOS = YES_AGGRESSIVE;
				GCC_WARN_UNUSED_FUNCTION = YES;
				GCC_WARN_UNUSED_VARIABLE = YES;
				MTL_ENABLE_DEBUG_INFO = INCLUDE_SOURCE;
				MTL_FAST_MATH = YES;
				ONLY_ACTIVE_ARCH = YES;
				SWIFT_ACTIVE_COMPILATION_CONDITIONS = DEBUG;
				SWIFT_OPTIMIZATION_LEVEL = "-Onone";
			};
			name = Debug;
		};
		5591D40329FA7BAE0027003E /* Release */ = {
			isa = XCBuildConfiguration;
			buildSettings = {
				ALWAYS_SEARCH_USER_PATHS = NO;
				CLANG_ANALYZER_NONNULL = YES;
				CLANG_ANALYZER_NUMBER_OBJECT_CONVERSION = YES_AGGRESSIVE;
				CLANG_CXX_LANGUAGE_STANDARD = "gnu++20";
				CLANG_ENABLE_MODULES = YES;
				CLANG_ENABLE_OBJC_ARC = YES;
				CLANG_ENABLE_OBJC_WEAK = YES;
				CLANG_WARN_BLOCK_CAPTURE_AUTORELEASING = YES;
				CLANG_WARN_BOOL_CONVERSION = YES;
				CLANG_WARN_COMMA = YES;
				CLANG_WARN_CONSTANT_CONVERSION = YES;
				CLANG_WARN_DEPRECATED_OBJC_IMPLEMENTATIONS = YES;
				CLANG_WARN_DIRECT_OBJC_ISA_USAGE = YES_ERROR;
				CLANG_WARN_DOCUMENTATION_COMMENTS = YES;
				CLANG_WARN_EMPTY_BODY = YES;
				CLANG_WARN_ENUM_CONVERSION = YES;
				CLANG_WARN_INFINITE_RECURSION = YES;
				CLANG_WARN_INT_CONVERSION = YES;
				CLANG_WARN_NON_LITERAL_NULL_CONVERSION = YES;
				CLANG_WARN_OBJC_IMPLICIT_RETAIN_SELF = YES;
				CLANG_WARN_OBJC_LITERAL_CONVERSION = YES;
				CLANG_WARN_OBJC_ROOT_CLASS = YES_ERROR;
				CLANG_WARN_QUOTED_INCLUDE_IN_FRAMEWORK_HEADER = YES;
				CLANG_WARN_RANGE_LOOP_ANALYSIS = YES;
				CLANG_WARN_STRICT_PROTOTYPES = YES;
				CLANG_WARN_SUSPICIOUS_MOVE = YES;
				CLANG_WARN_UNGUARDED_AVAILABILITY = YES_AGGRESSIVE;
				CLANG_WARN_UNREACHABLE_CODE = YES;
				CLANG_WARN__DUPLICATE_METHOD_MATCH = YES;
				COPY_PHASE_STRIP = NO;
				DEBUG_INFORMATION_FORMAT = "dwarf-with-dsym";
				ENABLE_NS_ASSERTIONS = NO;
				ENABLE_STRICT_OBJC_MSGSEND = YES;
				GCC_C_LANGUAGE_STANDARD = gnu11;
				GCC_NO_COMMON_BLOCKS = YES;
				GCC_WARN_64_TO_32_BIT_CONVERSION = YES;
				GCC_WARN_ABOUT_RETURN_TYPE = YES_ERROR;
				GCC_WARN_UNDECLARED_SELECTOR = YES;
				GCC_WARN_UNINITIALIZED_AUTOS = YES_AGGRESSIVE;
				GCC_WARN_UNUSED_FUNCTION = YES;
				GCC_WARN_UNUSED_VARIABLE = YES;
				MTL_ENABLE_DEBUG_INFO = NO;
				MTL_FAST_MATH = YES;
				SWIFT_COMPILATION_MODE = wholemodule;
				SWIFT_OPTIMIZATION_LEVEL = "-O";
			};
			name = Release;
		};
		5591D40529FA7BAE0027003E /* Debug */ = {
			isa = XCBuildConfiguration;
			buildSettings = {
				ASSETCATALOG_COMPILER_APPICON_NAME = AppIcon;
				ASSETCATALOG_COMPILER_GLOBAL_ACCENT_COLOR_NAME = AccentColor;
				CODE_SIGN_STYLE = Automatic;
				CURRENT_PROJECT_VERSION = 1;
				DEVELOPMENT_ASSET_PATHS = "\"watchdeux Watch App/Preview Content\"";
				ENABLE_PREVIEWS = YES;
				GENERATE_INFOPLIST_FILE = YES;
				INFOPLIST_KEY_CFBundleDisplayName = watchdeux;
				INFOPLIST_KEY_UISupportedInterfaceOrientations = "UIInterfaceOrientationPortrait UIInterfaceOrientationPortraitUpsideDown";
				INFOPLIST_KEY_WKWatchOnly = YES;
				LD_RUNPATH_SEARCH_PATHS = (
					"$(inherited)",
					"@executable_path/Frameworks",
				);
				MARKETING_VERSION = 1.0;
				PRODUCT_BUNDLE_IDENTIFIER = com.company.watchdeux.watchkitapp;
				PRODUCT_NAME = "$(TARGET_NAME)";
				SDKROOT = watchos;
				SKIP_INSTALL = YES;
				SWIFT_EMIT_LOC_STRINGS = YES;
				SWIFT_VERSION = 5.0;
				TARGETED_DEVICE_FAMILY = 4;
				WATCHOS_DEPLOYMENT_TARGET = 9.4;
			};
			name = Debug;
		};
		5591D40629FA7BAE0027003E /* Release */ = {
			isa = XCBuildConfiguration;
			buildSettings = {
				ASSETCATALOG_COMPILER_APPICON_NAME = AppIcon;
				ASSETCATALOG_COMPILER_GLOBAL_ACCENT_COLOR_NAME = AccentColor;
				CODE_SIGN_STYLE = Automatic;
				CURRENT_PROJECT_VERSION = 1;
				DEVELOPMENT_ASSET_PATHS = "\"watchdeux Watch App/Preview Content\"";
				ENABLE_PREVIEWS = YES;
				GENERATE_INFOPLIST_FILE = YES;
				INFOPLIST_KEY_CFBundleDisplayName = watchdeux;
				INFOPLIST_KEY_UISupportedInterfaceOrientations = "UIInterfaceOrientationPortrait UIInterfaceOrientationPortraitUpsideDown";
				INFOPLIST_KEY_WKWatchOnly = YES;
				LD_RUNPATH_SEARCH_PATHS = (
					"$(inherited)",
					"@executable_path/Frameworks",
				);
				MARKETING_VERSION = 1.0;
				PRODUCT_BUNDLE_IDENTIFIER = com.company.watchdeux.watchkitapp;
				PRODUCT_NAME = "$(TARGET_NAME)";
				SDKROOT = watchos;
				SKIP_INSTALL = YES;
				SWIFT_EMIT_LOC_STRINGS = YES;
				SWIFT_VERSION = 5.0;
				TARGETED_DEVICE_FAMILY = 4;
				VALIDATE_PRODUCT = YES;
				WATCHOS_DEPLOYMENT_TARGET = 9.4;
			};
			name = Release;
		};
		5591D40929FA7BAE0027003E /* Debug */ = {
			isa = XCBuildConfiguration;
			buildSettings = {
				ALWAYS_EMBED_SWIFT_STANDARD_LIBRARIES = YES;
				CODE_SIGN_STYLE = Automatic;
				CURRENT_PROJECT_VERSION = 1;
				INFOPLIST_KEY_CFBundleDisplayName = watchdeux;
				MARKETING_VERSION = 1.0;
				PRODUCT_BUNDLE_IDENTIFIER = com.company.watchdeux;
				PRODUCT_NAME = "$(TARGET_NAME)";
				SDKROOT = iphoneos;
				SWIFT_VERSION = 5.0;
			};
			name = Debug;
		};
		5591D40A29FA7BAE0027003E /* Release */ = {
			isa = XCBuildConfiguration;
			buildSettings = {
				ALWAYS_EMBED_SWIFT_STANDARD_LIBRARIES = YES;
				CODE_SIGN_STYLE = Automatic;
				CURRENT_PROJECT_VERSION = 1;
				INFOPLIST_KEY_CFBundleDisplayName = watchdeux;
				MARKETING_VERSION = 1.0;
				PRODUCT_BUNDLE_IDENTIFIER = com.company.watchdeux;
				PRODUCT_NAME = "$(TARGET_NAME)";
				SDKROOT = iphoneos;
				SWIFT_VERSION = 5.0;
				VALIDATE_PRODUCT = YES;
			};
			name = Release;
		};
		5591D40C29FA7BAE0027003E /* Debug */ = {
			isa = XCBuildConfiguration;
			buildSettings = {
				ALWAYS_EMBED_SWIFT_STANDARD_LIBRARIES = YES;
				BUNDLE_LOADER = "$(TEST_HOST)";
				CODE_SIGN_STYLE = Automatic;
				CURRENT_PROJECT_VERSION = 1;
				GENERATE_INFOPLIST_FILE = YES;
				MARKETING_VERSION = 1.0;
				PRODUCT_BUNDLE_IDENTIFIER = "com.company.watchdeux-Watch-AppTests";
				PRODUCT_NAME = "$(TARGET_NAME)";
				SDKROOT = watchos;
				SWIFT_EMIT_LOC_STRINGS = NO;
				SWIFT_VERSION = 5.0;
				TARGETED_DEVICE_FAMILY = 4;
				TEST_HOST = "$(BUILT_PRODUCTS_DIR)/watchdeux Watch App.app/$(BUNDLE_EXECUTABLE_FOLDER_PATH)/watchdeux Watch App";
				WATCHOS_DEPLOYMENT_TARGET = 9.4;
			};
			name = Debug;
		};
		5591D40D29FA7BAE0027003E /* Release */ = {
			isa = XCBuildConfiguration;
			buildSettings = {
				ALWAYS_EMBED_SWIFT_STANDARD_LIBRARIES = YES;
				BUNDLE_LOADER = "$(TEST_HOST)";
				CODE_SIGN_STYLE = Automatic;
				CURRENT_PROJECT_VERSION = 1;
				GENERATE_INFOPLIST_FILE = YES;
				MARKETING_VERSION = 1.0;
				PRODUCT_BUNDLE_IDENTIFIER = "com.company.watchdeux-Watch-AppTests";
				PRODUCT_NAME = "$(TARGET_NAME)";
				SDKROOT = watchos;
				SWIFT_EMIT_LOC_STRINGS = NO;
				SWIFT_VERSION = 5.0;
				TARGETED_DEVICE_FAMILY = 4;
				TEST_HOST = "$(BUILT_PRODUCTS_DIR)/watchdeux Watch App.app/$(BUNDLE_EXECUTABLE_FOLDER_PATH)/watchdeux Watch App";
				VALIDATE_PRODUCT = YES;
				WATCHOS_DEPLOYMENT_TARGET = 9.4;
			};
			name = Release;
		};
		5591D40F29FA7BAE0027003E /* Debug */ = {
			isa = XCBuildConfiguration;
			buildSettings = {
				ALWAYS_EMBED_SWIFT_STANDARD_LIBRARIES = YES;
				CODE_SIGN_STYLE = Automatic;
				CURRENT_PROJECT_VERSION = 1;
				GENERATE_INFOPLIST_FILE = YES;
				MARKETING_VERSION = 1.0;
				PRODUCT_BUNDLE_IDENTIFIER = "com.company.watchdeux-Watch-AppUITests";
				PRODUCT_NAME = "$(TARGET_NAME)";
				SDKROOT = watchos;
				SWIFT_EMIT_LOC_STRINGS = NO;
				SWIFT_VERSION = 5.0;
				TARGETED_DEVICE_FAMILY = 4;
				TEST_TARGET_NAME = "watchdeux Watch App";
				WATCHOS_DEPLOYMENT_TARGET = 9.4;
			};
			name = Debug;
		};
		5591D41029FA7BAE0027003E /* Release */ = {
			isa = XCBuildConfiguration;
			buildSettings = {
				ALWAYS_EMBED_SWIFT_STANDARD_LIBRARIES = YES;
				CODE_SIGN_STYLE = Automatic;
				CURRENT_PROJECT_VERSION = 1;
				GENERATE_INFOPLIST_FILE = YES;
				MARKETING_VERSION = 1.0;
				PRODUCT_BUNDLE_IDENTIFIER = "com.company.watchdeux-Watch-AppUITests";
				PRODUCT_NAME = "$(TARGET_NAME)";
				SDKROOT = watchos;
				SWIFT_EMIT_LOC_STRINGS = NO;
				SWIFT_VERSION = 5.0;
				TARGETED_DEVICE_FAMILY = 4;
				TEST_TARGET_NAME = "watchdeux Watch App";
				VALIDATE_PRODUCT = YES;
				WATCHOS_DEPLOYMENT_TARGET = 9.4;
			};
			name = Release;
		};
/* End XCBuildConfiguration section */

/* Begin XCConfigurationList section */
		5591D3D529FA7BAD0027003E /* Build configuration list for PBXProject "watchdeux" */ = {
			isa = XCConfigurationList;
			buildConfigurations = (
				5591D40229FA7BAE0027003E /* Debug */,
				5591D40329FA7BAE0027003E /* Release */,
			);
			defaultConfigurationIsVisible = 0;
			defaultConfigurationName = Release;
		};
		5591D40429FA7BAE0027003E /* Build configuration list for PBXNativeTarget "watchdeux Watch App" */ = {
			isa = XCConfigurationList;
			buildConfigurations = (
				5591D40529FA7BAE0027003E /* Debug */,
				5591D40629FA7BAE0027003E /* Release */,
			);
			defaultConfigurationIsVisible = 0;
			defaultConfigurationName = Release;
		};
		5591D40829FA7BAE0027003E /* Build configuration list for PBXNativeTarget "watchdeux" */ = {
			isa = XCConfigurationList;
			buildConfigurations = (
				5591D40929FA7BAE0027003E /* Debug */,
				5591D40A29FA7BAE0027003E /* Release */,
			);
			defaultConfigurationIsVisible = 0;
			defaultConfigurationName = Release;
		};
		5591D40B29FA7BAE0027003E /* Build configuration list for PBXNativeTarget "watchdeux Watch AppTests" */ = {
			isa = XCConfigurationList;
			buildConfigurations = (
				5591D40C29FA7BAE0027003E /* Debug */,
				5591D40D29FA7BAE0027003E /* Release */,
			);
			defaultConfigurationIsVisible = 0;
			defaultConfigurationName = Release;
		};
		5591D40E29FA7BAE0027003E /* Build configuration list for PBXNativeTarget "watchdeux Watch AppUITests" */ = {
			isa = XCConfigurationList;
			buildConfigurations = (
				5591D40F29FA7BAE0027003E /* Debug */,
				5591D41029FA7BAE0027003E /* Release */,
			);
			defaultConfigurationIsVisible = 0;
			defaultConfigurationName = Release;
		};
/* End XCConfigurationList section */
	};
	rootObject = 5591D3D229FA7BAD0027003E /* Project object */;
}
